
Microsoft Visual Studio Solution File, Format Version 12.00
# Visual Studio Version 16
VisualStudioVersion = 16.0.31025.194
MinimumVisualStudioVersion = 10.0.40219.1
Project("{FAE04EC0-301F-11D3-BF4B-00C04F79EFBC}") = "ApiToDart", "ApiToDart.csproj", "{CE102874-40BA-470B-A2E0-5CDCFA9070C5}"
EndProject
Global
	GlobalSection(SolutionConfigurationPlatforms) = preSolution
		Debug|Any CPU = Debug|Any CPU
		Release|Any CPU = Release|Any CPU
	EndGlobalSection
	GlobalSection(ProjectConfigurationPlatforms) = postSolution
		{CE102874-40BA-470B-A2E0-5CDCFA9070C5}.Debug|Any CPU.ActiveCfg = Debug|Any CPU
		{CE102874-40BA-470B-A2E0-5CDCFA9070C5}.Debug|Any CPU.Build.0 = Debug|Any CPU
		{CE102874-40BA-470B-A2E0-5CDCFA9070C5}.Release|Any CPU.ActiveCfg = Release|Any CPU
		{CE102874-40BA-470B-A2E0-5CDCFA9070C5}.Release|Any CPU.Build.0 = Release|Any CPU
	EndGlobalSection
	GlobalSection(SolutionProperties) = preSolution
		HideSolutionNode = FALSE
	EndGlobalSection
	GlobalSection(ExtensibilityGlobals) = postSolution
		SolutionGuid = {84753138-1D16-4B51-81DE-C8245F4295E2}
	EndGlobalSection
EndGlobal
